// !$*UTF8*$!
{
	archiveVersion = 1;
	classes = {
	};
	objectVersion = 77;
	objects = {

/* Begin PBXBuildFile section */
		0093BAD19BA60039704185CE /* ComingSoonView.swift in Sources */ = {isa = PBXBuildFile; fileRef = CD0E759D6B7D50CB345B1E32 /* ComingSoonView.swift */; };
		08D1FE78B555E850F01AE797 /* Hyperion.swift in Sources */ = {isa = PBXBuildFile; fileRef = CFE7891077FC4FDC8B7002AE /* Hyperion.swift */; };
		09BB9D6FA9BC1954BBCD16B1 /* KeyStore.swift in Sources */ = {isa = PBXBuildFile; fileRef = 320D8A92D151F0FF17E2DC83 /* KeyStore.swift */; };
		136D57B564649E7D600689EE /* Assets.xcassets in Resources */ = {isa = PBXBuildFile; fileRef = 3415124985CAAF63350F0BB7 /* Assets.xcassets */; };
		18720D060BD811A105F0C63F /* StakeSheet.swift in Sources */ = {isa = PBXBuildFile; fileRef = 826C3A0682E237C794F27DED /* StakeSheet.swift */; };
		227763B316A637302CE0C75F /* Models.swift in Sources */ = {isa = PBXBuildFile; fileRef = 13029EAE706A34911065861E /* Models.swift */; };
		24A4D827B0C78461A5B7CCC3 /* SecretVault.swift in Sources */ = {isa = PBXBuildFile; fileRef = 9B941C54EA34099878D2A0A3 /* SecretVault.swift */; };
		2D80351ED5E347B638B5DEB7 /* PulseRPC.swift in Sources */ = {isa = PBXBuildFile; fileRef = 37A106B02E0B4966774E12E5 /* PulseRPC.swift */; };
		2FFFD4045968AEFF34F33511 /* Theme.swift in Sources */ = {isa = PBXBuildFile; fileRef = 7565A5201A525117526CF9E4 /* Theme.swift */; };
		36598184A7A34289D9A76A03 /* NetworkStore.swift in Sources */ = {isa = PBXBuildFile; fileRef = D58EA5335982886F7C739E10 /* NetworkStore.swift */; };
		37676C6B52CE31F3877F22FD /* AppModel.swift in Sources */ = {isa = PBXBuildFile; fileRef = F55D58BFECA263D8B812953C /* AppModel.swift */; };
		3895E99543B8DB5F8125578C /* EnclaveSigner.swift in Sources */ = {isa = PBXBuildFile; fileRef = 28704358E20940217081D30E /* EnclaveSigner.swift */; };
		3BF949C3631B422387162462 /* KeyToolkit.swift in Sources */ = {isa = PBXBuildFile; fileRef = 9BABA36B61663BE346CB123A /* KeyToolkit.swift */; };
		3CB49A1C6153E9B8B04535B0 /* ActivityView.swift in Sources */ = {isa = PBXBuildFile; fileRef = B1981660F714156CB20D4B81 /* ActivityView.swift */; };
		40684E27788DB0AA0ED2FF65 /* Sidebar.swift in Sources */ = {isa = PBXBuildFile; fileRef = 7ED00983BCEA7586B91D3F8A /* Sidebar.swift */; };
		493A5DADE001156F6B99DDB4 /* SendView.swift in Sources */ = {isa = PBXBuildFile; fileRef = 335FC2C0D8FA258ACAC588FE /* SendView.swift */; };
		56F8B096E94C096D1B76B2D6 /* Biometrics.swift in Sources */ = {isa = PBXBuildFile; fileRef = BCE2872F95290C0C2024BCB1 /* Biometrics.swift */; };
		57E93E5155AC480F95D08259 /* UpdateAuthSheet.swift in Sources */ = {isa = PBXBuildFile; fileRef = F0F1025006EADA44B3A7CD16 /* UpdateAuthSheet.swift */; };
		59747BF54046AFE46FF1C001 /* RootView.swift in Sources */ = {isa = PBXBuildFile; fileRef = 5683B2975215EE839C7D7028 /* RootView.swift */; };
		5B0916AFF4A3527BCD0B85F8 /* DataHex.swift in Sources */ = {isa = PBXBuildFile; fileRef = EA718630DE93EEEAE5AB4CDC /* DataHex.swift */; };
		7309BED486CDDE68317678BF /* QRCode.swift in Sources */ = {isa = PBXBuildFile; fileRef = 57BD05E9A1D174E2DD0E55D4 /* QRCode.swift */; };
		794C9830B53D13932ABD05A1 /* PulseWalletApp.swift in Sources */ = {isa = PBXBuildFile; fileRef = 78440EE6283769BDF3E38093 /* PulseWalletApp.swift */; };
		7DC8A70C3F20BC28F2AC8D2C /* DappRequestSheet.swift in Sources */ = {isa = PBXBuildFile; fileRef = 5951D210555DC50EA36E1A5B /* DappRequestSheet.swift */; };
		87D9A358DFD66E49795200DD /* ToolsView.swift in Sources */ = {isa = PBXBuildFile; fileRef = 7F4AC6D391E73F3C113B9068 /* ToolsView.swift */; };
		8A5CFEADD088763B63634E50 /* PulseCoreFFI.swift in Sources */ = {isa = PBXBuildFile; fileRef = 50F592554AE9898BC76768B5 /* PulseCoreFFI.swift */; };
		9DB85C35FB2ED23C8B7DEF1B /* DashboardView.swift in Sources */ = {isa = PBXBuildFile; fileRef = 0698D056BD05A32CE1905F8C /* DashboardView.swift */; };
		9E1B713C38DB60B85F77C02A /* KeysView.swift in Sources */ = {isa = PBXBuildFile; fileRef = 988744519E80C7631A1550B1 /* KeysView.swift */; };
		A19E4E71D3FB42A48CE6CDFD /* SettingsView.swift in Sources */ = {isa = PBXBuildFile; fileRef = 358D798ACC8AEEA39E0D9A99 /* SettingsView.swift */; };
		AB530338B4CD02518EB0DEF8 /* WalletError.swift in Sources */ = {isa = PBXBuildFile; fileRef = 112B4DF307DB59A84FBE43A9 /* WalletError.swift */; };
		AD7DC9ED9FA2972EA70A9CA5 /* PulseCore.swift in Sources */ = {isa = PBXBuildFile; fileRef = 57F9C43E9860AAD1D468DC9C /* PulseCore.swift */; };
		B02802B9063C4CF7FF5BA02D /* ReceiveView.swift in Sources */ = {isa = PBXBuildFile; fileRef = 58CCCAE0F795AF0A764816B3 /* ReceiveView.swift */; };
		B02FE8BFF708DAA3B089A101 /* WelcomeSheet.swift in Sources */ = {isa = PBXBuildFile; fileRef = EAE1D7B9716513661393FD3A /* WelcomeSheet.swift */; };
		B855A1A6BE956D3AE1EDAB27 /* LockScreen.swift in Sources */ = {isa = PBXBuildFile; fileRef = D68ABF30F197DCCB9C3E2D6B /* LockScreen.swift */; };
		BEC49AA9E87AF795843DA76A /* MultisigView.swift in Sources */ = {isa = PBXBuildFile; fileRef = 0963F1C4442FCBABC7261C01 /* MultisigView.swift */; };
		C447C2AFEA7008F528234F3E /* Keychain.swift in Sources */ = {isa = PBXBuildFile; fileRef = 132057A53EF31C9B091E1859 /* Keychain.swift */; };
		C6D6CD8087EF2F3CF92A335D /* Components.swift in Sources */ = {isa = PBXBuildFile; fileRef = F4B1EEFEB2E72680C6C808D3 /* Components.swift */; };
		CE97F5DBE443A1B4C8B3DA56 /* RotateKeySheet.swift in Sources */ = {isa = PBXBuildFile; fileRef = 3D662578D2653106B2A91782 /* RotateKeySheet.swift */; };
		EB049CD866A5520D483A4CCC /* ExportKeySheet.swift in Sources */ = {isa = PBXBuildFile; fileRef = 49214E8F320C187EFF00C1BA /* ExportKeySheet.swift */; };
		EE3BA5A63E951B6D3A251EBC /* ThemeStore.swift in Sources */ = {isa = PBXBuildFile; fileRef = 903CE20D793F6AAC583A8F9C /* ThemeStore.swift */; };
/* End PBXBuildFile section */

/* Begin PBXFileReference section */
		0698D056BD05A32CE1905F8C /* DashboardView.swift */ = {isa = PBXFileReference; lastKnownFileType = sourcecode.swift; path = DashboardView.swift; sourceTree = "<group>"; };
		0963F1C4442FCBABC7261C01 /* MultisigView.swift */ = {isa = PBXFileReference; lastKnownFileType = sourcecode.swift; path = MultisigView.swift; sourceTree = "<group>"; };
		112B4DF307DB59A84FBE43A9 /* WalletError.swift */ = {isa = PBXFileReference; lastKnownFileType = sourcecode.swift; path = WalletError.swift; sourceTree = "<group>"; };
		13029EAE706A34911065861E /* Models.swift */ = {isa = PBXFileReference; lastKnownFileType = sourcecode.swift; path = Models.swift; sourceTree = "<group>"; };
		132057A53EF31C9B091E1859 /* Keychain.swift */ = {isa = PBXFileReference; lastKnownFileType = sourcecode.swift; path = Keychain.swift; sourceTree = "<group>"; };
		28704358E20940217081D30E /* EnclaveSigner.swift */ = {isa = PBXFileReference; lastKnownFileType = sourcecode.swift; path = EnclaveSigner.swift; sourceTree = "<group>"; };
		320D8A92D151F0FF17E2DC83 /* KeyStore.swift */ = {isa = PBXFileReference; lastKnownFileType = sourcecode.swift; path = KeyStore.swift; sourceTree = "<group>"; };
		335FC2C0D8FA258ACAC588FE /* SendView.swift */ = {isa = PBXFileReference; lastKnownFileType = sourcecode.swift; path = SendView.swift; sourceTree = "<group>"; };
		3415124985CAAF63350F0BB7 /* Assets.xcassets */ = {isa = PBXFileReference; lastKnownFileType = folder.assetcatalog; path = Assets.xcassets; sourceTree = "<group>"; };
		358D798ACC8AEEA39E0D9A99 /* SettingsView.swift */ = {isa = PBXFileReference; lastKnownFileType = sourcecode.swift; path = SettingsView.swift; sourceTree = "<group>"; };
		37A106B02E0B4966774E12E5 /* PulseRPC.swift */ = {isa = PBXFileReference; lastKnownFileType = sourcecode.swift; path = PulseRPC.swift; sourceTree = "<group>"; };
		3D662578D2653106B2A91782 /* RotateKeySheet.swift */ = {isa = PBXFileReference; lastKnownFileType = sourcecode.swift; path = RotateKeySheet.swift; sourceTree = "<group>"; };
		49214E8F320C187EFF00C1BA /* ExportKeySheet.swift */ = {isa = PBXFileReference; lastKnownFileType = sourcecode.swift; path = ExportKeySheet.swift; sourceTree = "<group>"; };
		50F592554AE9898BC76768B5 /* PulseCoreFFI.swift */ = {isa = PBXFileReference; lastKnownFileType = sourcecode.swift; path = PulseCoreFFI.swift; sourceTree = "<group>"; };
		5683B2975215EE839C7D7028 /* RootView.swift */ = {isa = PBXFileReference; lastKnownFileType = sourcecode.swift; path = RootView.swift; sourceTree = "<group>"; };
		57BD05E9A1D174E2DD0E55D4 /* QRCode.swift */ = {isa = PBXFileReference; lastKnownFileType = sourcecode.swift; path = QRCode.swift; sourceTree = "<group>"; };
		57F9C43E9860AAD1D468DC9C /* PulseCore.swift */ = {isa = PBXFileReference; lastKnownFileType = sourcecode.swift; path = PulseCore.swift; sourceTree = "<group>"; };
		58CCCAE0F795AF0A764816B3 /* ReceiveView.swift */ = {isa = PBXFileReference; lastKnownFileType = sourcecode.swift; path = ReceiveView.swift; sourceTree = "<group>"; };
		5951D210555DC50EA36E1A5B /* DappRequestSheet.swift */ = {isa = PBXFileReference; lastKnownFileType = sourcecode.swift; path = DappRequestSheet.swift; sourceTree = "<group>"; };
		7565A5201A525117526CF9E4 /* Theme.swift */ = {isa = PBXFileReference; lastKnownFileType = sourcecode.swift; path = Theme.swift; sourceTree = "<group>"; };
		78440EE6283769BDF3E38093 /* PulseWalletApp.swift */ = {isa = PBXFileReference; lastKnownFileType = sourcecode.swift; path = PulseWalletApp.swift; sourceTree = "<group>"; };
		7ED00983BCEA7586B91D3F8A /* Sidebar.swift */ = {isa = PBXFileReference; lastKnownFileType = sourcecode.swift; path = Sidebar.swift; sourceTree = "<group>"; };
		7F4AC6D391E73F3C113B9068 /* ToolsView.swift */ = {isa = PBXFileReference; lastKnownFileType = sourcecode.swift; path = ToolsView.swift; sourceTree = "<group>"; };
		826C3A0682E237C794F27DED /* StakeSheet.swift */ = {isa = PBXFileReference; lastKnownFileType = sourcecode.swift; path = StakeSheet.swift; sourceTree = "<group>"; };
		903CE20D793F6AAC583A8F9C /* ThemeStore.swift */ = {isa = PBXFileReference; lastKnownFileType = sourcecode.swift; path = ThemeStore.swift; sourceTree = "<group>"; };
		988744519E80C7631A1550B1 /* KeysView.swift */ = {isa = PBXFileReference; lastKnownFileType = sourcecode.swift; path = KeysView.swift; sourceTree = "<group>"; };
		9B941C54EA34099878D2A0A3 /* SecretVault.swift */ = {isa = PBXFileReference; lastKnownFileType = sourcecode.swift; path = SecretVault.swift; sourceTree = "<group>"; };
		9BABA36B61663BE346CB123A /* KeyToolkit.swift */ = {isa = PBXFileReference; lastKnownFileType = sourcecode.swift; path = KeyToolkit.swift; sourceTree = "<group>"; };
		B031CB39F049EBE1AE8FB4F9 /* PulseWallet.app */ = {isa = PBXFileReference; explicitFileType = wrapper.application; includeInIndex = 0; path = PulseWallet.app; sourceTree = BUILT_PRODUCTS_DIR; };
		B1981660F714156CB20D4B81 /* ActivityView.swift */ = {isa = PBXFileReference; lastKnownFileType = sourcecode.swift; path = ActivityView.swift; sourceTree = "<group>"; };
		BCE2872F95290C0C2024BCB1 /* Biometrics.swift */ = {isa = PBXFileReference; lastKnownFileType = sourcecode.swift; path = Biometrics.swift; sourceTree = "<group>"; };
		CD0E759D6B7D50CB345B1E32 /* ComingSoonView.swift */ = {isa = PBXFileReference; lastKnownFileType = sourcecode.swift; path = ComingSoonView.swift; sourceTree = "<group>"; };
		CFE7891077FC4FDC8B7002AE /* Hyperion.swift */ = {isa = PBXFileReference; lastKnownFileType = sourcecode.swift; path = Hyperion.swift; sourceTree = "<group>"; };
		D58EA5335982886F7C739E10 /* NetworkStore.swift */ = {isa = PBXFileReference; lastKnownFileType = sourcecode.swift; path = NetworkStore.swift; sourceTree = "<group>"; };
		D68ABF30F197DCCB9C3E2D6B /* LockScreen.swift */ = {isa = PBXFileReference; lastKnownFileType = sourcecode.swift; path = LockScreen.swift; sourceTree = "<group>"; };
		EA718630DE93EEEAE5AB4CDC /* DataHex.swift */ = {isa = PBXFileReference; lastKnownFileType = sourcecode.swift; path = DataHex.swift; sourceTree = "<group>"; };
		EAE1D7B9716513661393FD3A /* WelcomeSheet.swift */ = {isa = PBXFileReference; lastKnownFileType = sourcecode.swift; path = WelcomeSheet.swift; sourceTree = "<group>"; };
		F0F1025006EADA44B3A7CD16 /* UpdateAuthSheet.swift */ = {isa = PBXFileReference; lastKnownFileType = sourcecode.swift; path = UpdateAuthSheet.swift; sourceTree = "<group>"; };
		F4B1EEFEB2E72680C6C808D3 /* Components.swift */ = {isa = PBXFileReference; lastKnownFileType = sourcecode.swift; path = Components.swift; sourceTree = "<group>"; };
		F55D58BFECA263D8B812953C /* AppModel.swift */ = {isa = PBXFileReference; lastKnownFileType = sourcecode.swift; path = AppModel.swift; sourceTree = "<group>"; };
		"TEMP_56BC9F8E-C9A1-4CC4-90AF-0E515B0E598C" /* Signing.xcconfig */ = {isa = PBXFileReference; lastKnownFileType = text.xcconfig; path = Signing.xcconfig; sourceTree = "<group>"; };
/* End PBXFileReference section */

/* Begin PBXGroup section */
		15B50EBACB7F935BCC464F48 /* Products */ = {
			isa = PBXGroup;
			children = (
				B031CB39F049EBE1AE8FB4F9 /* PulseWallet.app */,
			);
			name = Products;
			sourceTree = "<group>";
		};
		1D0DFAE0EFFBBD5008ECEDE7 = {
			isa = PBXGroup;
			children = (
				38573CD364D78478731A93FC /* Resources */,
				D5B7171F1B2011B539E0D41B /* Sources */,
				15B50EBACB7F935BCC464F48 /* Products */,
			);
			sourceTree = "<group>";
		};
		38573CD364D78478731A93FC /* Resources */ = {
			isa = PBXGroup;
			children = (
				3415124985CAAF63350F0BB7 /* Assets.xcassets */,
			);
			path = Resources;
			sourceTree = "<group>";
		};
		397385A935231FBFA6F0AAFA /* PulseWallet */ = {
			isa = PBXGroup;
			children = (
				A681EFCEBC3738C1E176A3BA /* Crypto */,
				DCF1FE27AD6AA4AC0E24C886 /* Design */,
				4013BC0C099F9A70F860B656 /* Models */,
				B03162D6E425EC07E89D2978 /* Network */,
				D88D2FF5582BD884BD771DFF /* Support */,
				3C40CA16AB27649DE789ACC1 /* Views */,
				F55D58BFECA263D8B812953C /* AppModel.swift */,
				78440EE6283769BDF3E38093 /* PulseWalletApp.swift */,
			);
			path = PulseWallet;
			sourceTree = "<group>";
		};
		3C40CA16AB27649DE789ACC1 /* Views */ = {
			isa = PBXGroup;
			children = (
				B1981660F714156CB20D4B81 /* ActivityView.swift */,
				CD0E759D6B7D50CB345B1E32 /* ComingSoonView.swift */,
				F4B1EEFEB2E72680C6C808D3 /* Components.swift */,
				5951D210555DC50EA36E1A5B /* DappRequestSheet.swift */,
				0698D056BD05A32CE1905F8C /* DashboardView.swift */,
				49214E8F320C187EFF00C1BA /* ExportKeySheet.swift */,
				988744519E80C7631A1550B1 /* KeysView.swift */,
				D68ABF30F197DCCB9C3E2D6B /* LockScreen.swift */,
				0963F1C4442FCBABC7261C01 /* MultisigView.swift */,
				58CCCAE0F795AF0A764816B3 /* ReceiveView.swift */,
				5683B2975215EE839C7D7028 /* RootView.swift */,
				3D662578D2653106B2A91782 /* RotateKeySheet.swift */,
				335FC2C0D8FA258ACAC588FE /* SendView.swift */,
				358D798ACC8AEEA39E0D9A99 /* SettingsView.swift */,
				7ED00983BCEA7586B91D3F8A /* Sidebar.swift */,
				826C3A0682E237C794F27DED /* StakeSheet.swift */,
				7F4AC6D391E73F3C113B9068 /* ToolsView.swift */,
				F0F1025006EADA44B3A7CD16 /* UpdateAuthSheet.swift */,
				EAE1D7B9716513661393FD3A /* WelcomeSheet.swift */,
			);
			path = Views;
			sourceTree = "<group>";
		};
		4013BC0C099F9A70F860B656 /* Models */ = {
			isa = PBXGroup;
			children = (
				13029EAE706A34911065861E /* Models.swift */,
			);
			path = Models;
			sourceTree = "<group>";
		};
		A681EFCEBC3738C1E176A3BA /* Crypto */ = {
			isa = PBXGroup;
			children = (
				BCE2872F95290C0C2024BCB1 /* Biometrics.swift */,
				EA718630DE93EEEAE5AB4CDC /* DataHex.swift */,
				28704358E20940217081D30E /* EnclaveSigner.swift */,
				132057A53EF31C9B091E1859 /* Keychain.swift */,
				320D8A92D151F0FF17E2DC83 /* KeyStore.swift */,
				9BABA36B61663BE346CB123A /* KeyToolkit.swift */,
				57F9C43E9860AAD1D468DC9C /* PulseCore.swift */,
				50F592554AE9898BC76768B5 /* PulseCoreFFI.swift */,
				9B941C54EA34099878D2A0A3 /* SecretVault.swift */,
			);
			path = Crypto;
			sourceTree = "<group>";
		};
		B03162D6E425EC07E89D2978 /* Network */ = {
			isa = PBXGroup;
			children = (
				CFE7891077FC4FDC8B7002AE /* Hyperion.swift */,
				D58EA5335982886F7C739E10 /* NetworkStore.swift */,
				37A106B02E0B4966774E12E5 /* PulseRPC.swift */,
			);
			path = Network;
			sourceTree = "<group>";
		};
		D5B7171F1B2011B539E0D41B /* Sources */ = {
			isa = PBXGroup;
			children = (
				397385A935231FBFA6F0AAFA /* PulseWallet */,
			);
			path = Sources;
			sourceTree = "<group>";
		};
		D88D2FF5582BD884BD771DFF /* Support */ = {
			isa = PBXGroup;
			children = (
				57BD05E9A1D174E2DD0E55D4 /* QRCode.swift */,
				112B4DF307DB59A84FBE43A9 /* WalletError.swift */,
			);
			path = Support;
			sourceTree = "<group>";
		};
		DCF1FE27AD6AA4AC0E24C886 /* Design */ = {
			isa = PBXGroup;
			children = (
				7565A5201A525117526CF9E4 /* Theme.swift */,
				903CE20D793F6AAC583A8F9C /* ThemeStore.swift */,
			);
			path = Design;
			sourceTree = "<group>";
		};
		"TEMP_B0FB38B8-7086-4FF1-8233-6FEE42A8C501" /* macos */ = {
			isa = PBXGroup;
			children = (
				"TEMP_56BC9F8E-C9A1-4CC4-90AF-0E515B0E598C" /* Signing.xcconfig */,
			);
			path = macos;
			sourceTree = "<group>";
		};
/* End PBXGroup section */

/* Begin PBXNativeTarget section */
		9797A17FE371865CA33CDBD1 /* PulseWallet */ = {
			isa = PBXNativeTarget;
			buildConfigurationList = 5098A92703B96C056A18DB3D /* Build configuration list for PBXNativeTarget "PulseWallet" */;
			buildPhases = (
				BA9CDAECB010DABA55DEC183 /* Sources */,
				0523510C0FFD2F9387BB6438 /* Resources */,
			);
			buildRules = (
			);
			dependencies = (
			);
			name = PulseWallet;
			packageProductDependencies = (
			);
			productName = PulseWallet;
			productReference = B031CB39F049EBE1AE8FB4F9 /* PulseWallet.app */;
			productType = "com.apple.product-type.application";
		};
/* End PBXNativeTarget section */

/* Begin PBXProject section */
		CF3B2637FA26BC8D6AED64E9 /* Project object */ = {
			isa = PBXProject;
			attributes = {
				BuildIndependentTargetsInParallel = YES;
				LastUpgradeCheck = 1430;
				TargetAttributes = {
					9797A17FE371865CA33CDBD1 = {
						DevelopmentTeam = UKU2H2D5Z7;
						ProvisioningStyle = Automatic;
					};
				};
			};
			buildConfigurationList = 9CE0E83037587E673DFB468F /* Build configuration list for PBXProject "PulseWallet" */;
			developmentRegion = en;
			hasScannedForEncodings = 0;
			knownRegions = (
				Base,
				en,
			);
			mainGroup = 1D0DFAE0EFFBBD5008ECEDE7;
			minimizedProjectReferenceProxies = 1;
			preferredProjectObjectVersion = 77;
			productRefGroup = 15B50EBACB7F935BCC464F48 /* Products */;
			projectDirPath = "";
			projectRoot = "";
			targets = (
				9797A17FE371865CA33CDBD1 /* PulseWallet */,
			);
		};
/* End PBXProject section */

/* Begin PBXResourcesBuildPhase section */
		0523510C0FFD2F9387BB6438 /* Resources */ = {
			isa = PBXResourcesBuildPhase;
			buildActionMask = 2147483647;
			files = (
				136D57B564649E7D600689EE /* Assets.xcassets in Resources */,
			);
			runOnlyForDeploymentPostprocessing = 0;
		};
/* End PBXResourcesBuildPhase section */

/* Begin PBXSourcesBuildPhase section */
		BA9CDAECB010DABA55DEC183 /* Sources */ = {
			isa = PBXSourcesBuildPhase;
			buildActionMask = 2147483647;
			files = (
				3CB49A1C6153E9B8B04535B0 /* ActivityView.swift in Sources */,
				37676C6B52CE31F3877F22FD /* AppModel.swift in Sources */,
				56F8B096E94C096D1B76B2D6 /* Biometrics.swift in Sources */,
				0093BAD19BA60039704185CE /* ComingSoonView.swift in Sources */,
				C6D6CD8087EF2F3CF92A335D /* Components.swift in Sources */,
				7DC8A70C3F20BC28F2AC8D2C /* DappRequestSheet.swift in Sources */,
				9DB85C35FB2ED23C8B7DEF1B /* DashboardView.swift in Sources */,
				5B0916AFF4A3527BCD0B85F8 /* DataHex.swift in Sources */,
				3895E99543B8DB5F8125578C /* EnclaveSigner.swift in Sources */,
				EB049CD866A5520D483A4CCC /* ExportKeySheet.swift in Sources */,
				08D1FE78B555E850F01AE797 /* Hyperion.swift in Sources */,
				09BB9D6FA9BC1954BBCD16B1 /* KeyStore.swift in Sources */,
				3BF949C3631B422387162462 /* KeyToolkit.swift in Sources */,
				C447C2AFEA7008F528234F3E /* Keychain.swift in Sources */,
				9E1B713C38DB60B85F77C02A /* KeysView.swift in Sources */,
				B855A1A6BE956D3AE1EDAB27 /* LockScreen.swift in Sources */,
				227763B316A637302CE0C75F /* Models.swift in Sources */,
				BEC49AA9E87AF795843DA76A /* MultisigView.swift in Sources */,
				36598184A7A34289D9A76A03 /* NetworkStore.swift in Sources */,
				AD7DC9ED9FA2972EA70A9CA5 /* PulseCore.swift in Sources */,
				8A5CFEADD088763B63634E50 /* PulseCoreFFI.swift in Sources */,
				2D80351ED5E347B638B5DEB7 /* PulseRPC.swift in Sources */,
				794C9830B53D13932ABD05A1 /* PulseWalletApp.swift in Sources */,
				7309BED486CDDE68317678BF /* QRCode.swift in Sources */,
				B02802B9063C4CF7FF5BA02D /* ReceiveView.swift in Sources */,
				59747BF54046AFE46FF1C001 /* RootView.swift in Sources */,
				CE97F5DBE443A1B4C8B3DA56 /* RotateKeySheet.swift in Sources */,
				24A4D827B0C78461A5B7CCC3 /* SecretVault.swift in Sources */,
				493A5DADE001156F6B99DDB4 /* SendView.swift in Sources */,
				A19E4E71D3FB42A48CE6CDFD /* SettingsView.swift in Sources */,
				40684E27788DB0AA0ED2FF65 /* Sidebar.swift in Sources */,
				18720D060BD811A105F0C63F /* StakeSheet.swift in Sources */,
				2FFFD4045968AEFF34F33511 /* Theme.swift in Sources */,
				EE3BA5A63E951B6D3A251EBC /* ThemeStore.swift in Sources */,
				87D9A358DFD66E49795200DD /* ToolsView.swift in Sources */,
				57E93E5155AC480F95D08259 /* UpdateAuthSheet.swift in Sources */,
				AB530338B4CD02518EB0DEF8 /* WalletError.swift in Sources */,
				B02FE8BFF708DAA3B089A101 /* WelcomeSheet.swift in Sources */,
			);
			runOnlyForDeploymentPostprocessing = 0;
		};
/* End PBXSourcesBuildPhase section */

/* Begin XCBuildConfiguration section */
		398908271860AD3036B1C9F4 /* Debug */ = {
			isa = XCBuildConfiguration;
			buildSettings = {
				ALWAYS_SEARCH_USER_PATHS = NO;
				CLANG_ANALYZER_NONNULL = YES;
				CLANG_ANALYZER_NUMBER_OBJECT_CONVERSION = YES_AGGRESSIVE;
				CLANG_CXX_LANGUAGE_STANDARD = "gnu++14";
				CLANG_CXX_LIBRARY = "libc++";
				CLANG_ENABLE_MODULES = YES;
				CLANG_ENABLE_OBJC_ARC = YES;
				CLANG_ENABLE_OBJC_WEAK = YES;
				CLANG_WARN_BLOCK_CAPTURE_AUTORELEASING = YES;
				CLANG_WARN_BOOL_CONVERSION = YES;
				CLANG_WARN_COMMA = YES;
				CLANG_WARN_CONSTANT_CONVERSION = YES;
				CLANG_WARN_DEPRECATED_OBJC_IMPLEMENTATIONS = YES;
				CLANG_WARN_DIRECT_OBJC_ISA_USAGE = YES_ERROR;
				CLANG_WARN_DOCUMENTATION_COMMENTS = YES;
				CLANG_WARN_EMPTY_BODY = YES;
				CLANG_WARN_ENUM_CONVERSION = YES;
				CLANG_WARN_INFINITE_RECURSION = YES;
				CLANG_WARN_INT_CONVERSION = YES;
				CLANG_WARN_NON_LITERAL_NULL_CONVERSION = YES;
				CLANG_WARN_OBJC_IMPLICIT_RETAIN_SELF = YES;
				CLANG_WARN_OBJC_LITERAL_CONVERSION = YES;
				CLANG_WARN_OBJC_ROOT_CLASS = YES_ERROR;
				CLANG_WARN_QUOTED_INCLUDE_IN_FRAMEWORK_HEADER = YES;
				CLANG_WARN_RANGE_LOOP_ANALYSIS = YES;
				CLANG_WARN_STRICT_PROTOTYPES = YES;
				CLANG_WARN_SUSPICIOUS_MOVE = YES;
				CLANG_WARN_UNGUARDED_AVAILABILITY = YES_AGGRESSIVE;
				CLANG_WARN_UNREACHABLE_CODE = YES;
				CLANG_WARN__DUPLICATE_METHOD_MATCH = YES;
				CODE_SIGN_STYLE = Automatic;
				COPY_PHASE_STRIP = NO;
				CURRENT_PROJECT_VERSION = 1;
				DEAD_CODE_STRIPPING = YES;
				DEBUG_INFORMATION_FORMAT = dwarf;
				ENABLE_HARDENED_RUNTIME = YES;
				ENABLE_STRICT_OBJC_MSGSEND = YES;
				ENABLE_TESTABILITY = YES;
				ENABLE_USER_SCRIPT_SANDBOXING = YES;
				GCC_C_LANGUAGE_STANDARD = gnu11;
				GCC_DYNAMIC_NO_PIC = NO;
				GCC_NO_COMMON_BLOCKS = YES;
				GCC_OPTIMIZATION_LEVEL = 0;
				GCC_PREPROCESSOR_DEFINITIONS = (
					"$(inherited)",
					"DEBUG=1",
				);
				GCC_WARN_64_TO_32_BIT_CONVERSION = YES;
				GCC_WARN_ABOUT_RETURN_TYPE = YES_ERROR;
				GCC_WARN_UNDECLARED_SELECTOR = YES;
				GCC_WARN_UNINITIALIZED_AUTOS = YES_AGGRESSIVE;
				GCC_WARN_UNUSED_FUNCTION = YES;
				GCC_WARN_UNUSED_VARIABLE = YES;
				LOCALIZATION_PREFERS_STRING_CATALOGS = YES;
				MACOSX_DEPLOYMENT_TARGET = 26.0;
				MARKETING_VERSION = 0.1.0;
				MTL_ENABLE_DEBUG_INFO = INCLUDE_SOURCE;
				MTL_FAST_MATH = YES;
				ONLY_ACTIVE_ARCH = YES;
				PRODUCT_NAME = "$(TARGET_NAME)";
				SDKROOT = macosx;
				STRING_CATALOG_GENERATE_SYMBOLS = YES;
				SWIFT_ACTIVE_COMPILATION_CONDITIONS = DEBUG;
				SWIFT_OPTIMIZATION_LEVEL = "-Onone";
				SWIFT_STRICT_CONCURRENCY = complete;
				SWIFT_VERSION = 6.0;
			};
			name = Debug;
		};
		5F6DBD0E0632EFEC875ADF1C /* Debug */ = {
			isa = XCBuildConfiguration;
			baseConfigurationReference = "TEMP_56BC9F8E-C9A1-4CC4-90AF-0E515B0E598C" /* Signing.xcconfig */;
			buildSettings = {
				ASSETCATALOG_COMPILER_APPICON_NAME = AppIcon;
				ASSETCATALOG_COMPILER_GLOBAL_ACCENT_COLOR_NAME = AccentColor;
				CODE_SIGN_ENTITLEMENTS = Resources/PulseWallet.entitlements;
				COMBINE_HIDPI_IMAGES = YES;
				ENABLE_PREVIEWS = YES;
				HEADER_SEARCH_PATHS = (
					"$(inherited)",
					"$(SRCROOT)/Vendor/include",
				);
				INFOPLIST_FILE = Resources/Info.plist;
				LD_RUNPATH_SEARCH_PATHS = (
					"$(inherited)",
					"@executable_path/../Frameworks",
				);
				LIBRARY_SEARCH_PATHS = (
					"$(inherited)",
					"$(SRCROOT)/Vendor",
				);
				OTHER_LDFLAGS = (
					"$(inherited)",
					"-lpulse_wallet_core",
				);
				PRODUCT_BUNDLE_IDENTIFIER = dev.pulsevm.wallet;
				PRODUCT_NAME = PulseVM;
				SDKROOT = macosx;
				SWIFT_OBJC_BRIDGING_HEADER = "Vendor/PulseWallet-Bridging-Header.h";
			};
			name = Debug;
		};
		6FD955059479A4103B3CA154 /* Release */ = {
			isa = XCBuildConfiguration;
			buildSettings = {
				ALWAYS_SEARCH_USER_PATHS = NO;
				CLANG_ANALYZER_NONNULL = YES;
				CLANG_ANALYZER_NUMBER_OBJECT_CONVERSION = YES_AGGRESSIVE;
				CLANG_CXX_LANGUAGE_STANDARD = "gnu++14";
				CLANG_CXX_LIBRARY = "libc++";
				CLANG_ENABLE_MODULES = YES;
				CLANG_ENABLE_OBJC_ARC = YES;
				CLANG_ENABLE_OBJC_WEAK = YES;
				CLANG_WARN_BLOCK_CAPTURE_AUTORELEASING = YES;
				CLANG_WARN_BOOL_CONVERSION = YES;
				CLANG_WARN_COMMA = YES;
				CLANG_WARN_CONSTANT_CONVERSION = YES;
				CLANG_WARN_DEPRECATED_OBJC_IMPLEMENTATIONS = YES;
				CLANG_WARN_DIRECT_OBJC_ISA_USAGE = YES_ERROR;
				CLANG_WARN_DOCUMENTATION_COMMENTS = YES;
				CLANG_WARN_EMPTY_BODY = YES;
				CLANG_WARN_ENUM_CONVERSION = YES;
				CLANG_WARN_INFINITE_RECURSION = YES;
				CLANG_WARN_INT_CONVERSION = YES;
				CLANG_WARN_NON_LITERAL_NULL_CONVERSION = YES;
				CLANG_WARN_OBJC_IMPLICIT_RETAIN_SELF = YES;
				CLANG_WARN_OBJC_LITERAL_CONVERSION = YES;
				CLANG_WARN_OBJC_ROOT_CLASS = YES_ERROR;
				CLANG_WARN_QUOTED_INCLUDE_IN_FRAMEWORK_HEADER = YES;
				CLANG_WARN_RANGE_LOOP_ANALYSIS = YES;
				CLANG_WARN_STRICT_PROTOTYPES = YES;
				CLANG_WARN_SUSPICIOUS_MOVE = YES;
				CLANG_WARN_UNGUARDED_AVAILABILITY = YES_AGGRESSIVE;
				CLANG_WARN_UNREACHABLE_CODE = YES;
				CLANG_WARN__DUPLICATE_METHOD_MATCH = YES;
				CODE_SIGN_STYLE = Automatic;
				COPY_PHASE_STRIP = NO;
				CURRENT_PROJECT_VERSION = 1;
				DEAD_CODE_STRIPPING = YES;
				DEBUG_INFORMATION_FORMAT = "dwarf-with-dsym";
				ENABLE_HARDENED_RUNTIME = YES;
				ENABLE_NS_ASSERTIONS = NO;
				ENABLE_STRICT_OBJC_MSGSEND = YES;
				ENABLE_USER_SCRIPT_SANDBOXING = YES;
				GCC_C_LANGUAGE_STANDARD = gnu11;
				GCC_NO_COMMON_BLOCKS = YES;
				GCC_WARN_64_TO_32_BIT_CONVERSION = YES;
				GCC_WARN_ABOUT_RETURN_TYPE = YES_ERROR;
				GCC_WARN_UNDECLARED_SELECTOR = YES;
				GCC_WARN_UNINITIALIZED_AUTOS = YES_AGGRESSIVE;
				GCC_WARN_UNUSED_FUNCTION = YES;
				GCC_WARN_UNUSED_VARIABLE = YES;
				LOCALIZATION_PREFERS_STRING_CATALOGS = YES;
				MACOSX_DEPLOYMENT_TARGET = 26.0;
				MARKETING_VERSION = 0.1.0;
				MTL_ENABLE_DEBUG_INFO = NO;
				MTL_FAST_MATH = YES;
				PRODUCT_NAME = "$(TARGET_NAME)";
				SDKROOT = macosx;
				STRING_CATALOG_GENERATE_SYMBOLS = YES;
				SWIFT_COMPILATION_MODE = wholemodule;
				SWIFT_OPTIMIZATION_LEVEL = "-O";
				SWIFT_STRICT_CONCURRENCY = complete;
				SWIFT_VERSION = 6.0;
			};
			name = Release;
		};
		D1BEC9BEA8C2B7BEE726581D /* Release */ = {
			isa = XCBuildConfiguration;
			baseConfigurationReference = "TEMP_56BC9F8E-C9A1-4CC4-90AF-0E515B0E598C" /* Signing.xcconfig */;
			buildSettings = {
				ASSETCATALOG_COMPILER_APPICON_NAME = AppIcon;
				ASSETCATALOG_COMPILER_GLOBAL_ACCENT_COLOR_NAME = AccentColor;
				CODE_SIGN_ENTITLEMENTS = Resources/PulseWallet.entitlements;
				COMBINE_HIDPI_IMAGES = YES;
				ENABLE_PREVIEWS = YES;
				HEADER_SEARCH_PATHS = (
					"$(inherited)",
					"$(SRCROOT)/Vendor/include",
				);
				INFOPLIST_FILE = Resources/Info.plist;
				LD_RUNPATH_SEARCH_PATHS = (
					"$(inherited)",
					"@executable_path/../Frameworks",
				);
				LIBRARY_SEARCH_PATHS = (
					"$(inherited)",
					"$(SRCROOT)/Vendor",
				);
				OTHER_LDFLAGS = (
					"$(inherited)",
					"-lpulse_wallet_core",
				);
				PRODUCT_BUNDLE_IDENTIFIER = dev.pulsevm.wallet;
				PRODUCT_NAME = PulseVM;
				SDKROOT = macosx;
				SWIFT_OBJC_BRIDGING_HEADER = "Vendor/PulseWallet-Bridging-Header.h";
			};
			name = Release;
		};
/* End XCBuildConfiguration section */

/* Begin XCConfigurationList section */
		5098A92703B96C056A18DB3D /* Build configuration list for PBXNativeTarget "PulseWallet" */ = {
			isa = XCConfigurationList;
			buildConfigurations = (
				5F6DBD0E0632EFEC875ADF1C /* Debug */,
				D1BEC9BEA8C2B7BEE726581D /* Release */,
			);
			defaultConfigurationIsVisible = 0;
			defaultConfigurationName = Debug;
		};
		9CE0E83037587E673DFB468F /* Build configuration list for PBXProject "PulseWallet" */ = {
			isa = XCConfigurationList;
			buildConfigurations = (
				398908271860AD3036B1C9F4 /* Debug */,
				6FD955059479A4103B3CA154 /* Release */,
			);
			defaultConfigurationIsVisible = 0;
			defaultConfigurationName = Debug;
		};
/* End XCConfigurationList section */
	};
	rootObject = CF3B2637FA26BC8D6AED64E9 /* Project object */;
}
